
Microsoft Visual Studio Solution File, Format Version 12.00
# Visual Studio Version 16
VisualStudioVersion = 16.0.30517.126
MinimumVisualStudioVersion = 10.0.40219.1
Project("{FAE04EC0-301F-11D3-BF4B-00C04F79EFBC}") = "BatchAddFolders_CSharp", "BatchAddFolders_CSharp\BatchAddFolders_CSharp.csproj", "{FA43B6B1-E4D6-4308-BE96-76904445A675}"
EndProject
Global
	GlobalSection(SolutionConfigurationPlatforms) = preSolution
		Debug|Any CPU = Debug|Any CPU
		Release|Any CPU = Release|Any CPU
	EndGlobalSection
	GlobalSection(ProjectConfigurationPlatforms) = postSolution
		{FA43B6B1-E4D6-4308-BE96-76904445A675}.Debug|Any CPU.ActiveCfg = Debug|Any CPU
		{FA43B6B1-E4D6-4308-BE96-76904445A675}.Debug|Any CPU.Build.0 = Debug|Any CPU
		{FA43B6B1-E4D6-4308-BE96-76904445A675}.Release|Any CPU.ActiveCfg = Release|Any CPU
		{FA43B6B1-E4D6-4308-BE96-76904445A675}.Release|Any CPU.Build.0 = Release|Any CPU
	EndGlobalSection
	GlobalSection(SolutionProperties) = preSolution
		HideSolutionNode = FALSE
	EndGlobalSection
	GlobalSection(ExtensibilityGlobals) = postSolution
		SolutionGuid = {EA1A4F8B-B39A-4D43-BE19-45703E93834E}
	EndGlobalSection
EndGlobal
